PODS:
  - Font-Awesome-Swift (1.6.2)
  - FSPagerView (0.5.5)
  - IQKeyboardManager (4.0.11)
  - TabPageViewController (0.2.7)
  - Toast-Swift (2.0.0)

DEPENDENCIES:
  - Font-Awesome-Swift
  - FSPagerView
  - IQKeyboardManager
  - TabPageViewController
  - Toast-Swift

SPEC CHECKSUMS:
  Font-Awesome-Swift: 4dc96df73b5f32aaccdee50a454c3ec253ee4977
  FSPagerView: 3ec72e6b201d77a48adab5ed1d33b43a8cc153d6
  IQKeyboardManager: 83eae5318483a34eb2069ef413d195b97605232e
  TabPageViewController: c37a1257a50c2b50712dde61bf499768eee95b67
  Toast-Swift: 5b2f8f720f7e78e48511f693df1f9c9a6e38a25a

PODFILE CHECKSUM: ca416f2eae3e062abdd27531554b59e59b04f35b

COCOAPODS: 1.2.1
