// !$*UTF8*$!
{
	archiveVersion = 1;
	classes = {
	};
	objectVersion = 46;
	objects = {

/* Begin PBXBuildFile section */
		2208651A1FA95B6B00F3539A /* CustomNavigationView.xib in Resources */ = {isa = PBXBuildFile; fileRef = 220865191FA95B6B00F3539A /* CustomNavigationView.xib */; };
		2208651C1FA9615E00F3539A /* ChangePassController.swift in Sources */ = {isa = PBXBuildFile; fileRef = 2208651B1FA9615E00F3539A /* ChangePassController.swift */; };
		222B20DD1FA27D9700C4ECEE /* AppDelegate.swift in Sources */ = {isa = PBXBuildFile; fileRef = 222B20DC1FA27D9700C4ECEE /* AppDelegate.swift */; };
		222B20DF1FA27D9700C4ECEE /* WelcomeController.swift in Sources */ = {isa = PBXBuildFile; fileRef = 222B20DE1FA27D9700C4ECEE /* WelcomeController.swift */; };
		222B20E21FA27D9700C4ECEE /* Main.storyboard in Resources */ = {isa = PBXBuildFile; fileRef = 222B20E01FA27D9700C4ECEE /* Main.storyboard */; };
		222B20E41FA27D9700C4ECEE /* Assets.xcassets in Resources */ = {isa = PBXBuildFile; fileRef = 222B20E31FA27D9700C4ECEE /* Assets.xcassets */; };
		222B20E71FA27D9700C4ECEE /* LaunchScreen.storyboard in Resources */ = {isa = PBXBuildFile; fileRef = 222B20E51FA27D9700C4ECEE /* LaunchScreen.storyboard */; };
		222B20F31FA2889A00C4ECEE /* PagerViewCell.xib in Resources */ = {isa = PBXBuildFile; fileRef = 222B20F11FA2889A00C4ECEE /* PagerViewCell.xib */; };
		2291AF8C1FA68925009680DE /* RegisterController.swift in Sources */ = {isa = PBXBuildFile; fileRef = 2291AF8B1FA68925009680DE /* RegisterController.swift */; };
		22E31DF91FA9546600784508 /* CustomNavigationView.swift in Sources */ = {isa = PBXBuildFile; fileRef = 22E31DF81FA9546600784508 /* CustomNavigationView.swift */; };
		22E326421FA2B0F300077FE7 /* CustomButton.swift in Sources */ = {isa = PBXBuildFile; fileRef = 22E326411FA2B0F300077FE7 /* CustomButton.swift */; };
		22E326441FA2B46500077FE7 /* PagerViewCell.swift in Sources */ = {isa = PBXBuildFile; fileRef = 22E326431FA2B46500077FE7 /* PagerViewCell.swift */; };
		22E326471FA3961600077FE7 /* LoginController.swift in Sources */ = {isa = PBXBuildFile; fileRef = 22E326461FA3961600077FE7 /* LoginController.swift */; };
		22E326491FA39B2F00077FE7 /* CustomTextField.swift in Sources */ = {isa = PBXBuildFile; fileRef = 22E326481FA39B2F00077FE7 /* CustomTextField.swift */; };
		22E3264C1FA3C49400077FE7 /* RegexClass.swift in Sources */ = {isa = PBXBuildFile; fileRef = 22E3264B1FA3C49400077FE7 /* RegexClass.swift */; };
		22E3264E1FA3C7C000077FE7 /* BaseController.swift in Sources */ = {isa = PBXBuildFile; fileRef = 22E3264D1FA3C7C000077FE7 /* BaseController.swift */; };
		22E326501FA3C9A100077FE7 /* ForgotPasswordController.swift in Sources */ = {isa = PBXBuildFile; fileRef = 22E3264F1FA3C9A100077FE7 /* ForgotPasswordController.swift */; };
		315ED92E4F1116F649D5D058 /* Pods_Resten_Glow.framework in Frameworks */ = {isa = PBXBuildFile; fileRef = 8411918E6F6464F34C53A4C3 /* Pods_Resten_Glow.framework */; };
		95D9B2B51FA92B3F00F2BDC6 /* MainController.swift in Sources */ = {isa = PBXBuildFile; fileRef = 95D9B2B41FA92B3F00F2BDC6 /* MainController.swift */; };
		95D9B2B81FA92B9000F2BDC6 /* TabbarClass.swift in Sources */ = {isa = PBXBuildFile; fileRef = 95D9B2B71FA92B9000F2BDC6 /* TabbarClass.swift */; };
		95D9B2BD1FA92DDA00F2BDC6 /* HairController.swift in Sources */ = {isa = PBXBuildFile; fileRef = 95D9B2BC1FA92DDA00F2BDC6 /* HairController.swift */; };
		95D9B2BF1FA92DF700F2BDC6 /* MakeupController.swift in Sources */ = {isa = PBXBuildFile; fileRef = 95D9B2BE1FA92DF700F2BDC6 /* MakeupController.swift */; };
		95D9B2C11FA92FFD00F2BDC6 /* Extensions.swift in Sources */ = {isa = PBXBuildFile; fileRef = 95D9B2C01FA92FFD00F2BDC6 /* Extensions.swift */; };
		95D9B2C31FA9314100F2BDC6 /* NailsController.swift in Sources */ = {isa = PBXBuildFile; fileRef = 95D9B2C21FA9314100F2BDC6 /* NailsController.swift */; };
		95D9B2C51FA9337300F2BDC6 /* BrowController.swift in Sources */ = {isa = PBXBuildFile; fileRef = 95D9B2C41FA9337300F2BDC6 /* BrowController.swift */; };
		95D9B2C71FA9338C00F2BDC6 /* WeddingController.swift in Sources */ = {isa = PBXBuildFile; fileRef = 95D9B2C61FA9338C00F2BDC6 /* WeddingController.swift */; };
		95D9B2CB1FA938A200F2BDC6 /* CalculateClass.swift in Sources */ = {isa = PBXBuildFile; fileRef = 95D9B2CA1FA938A200F2BDC6 /* CalculateClass.swift */; };
		95D9B2CE1FA9390E00F2BDC6 /* CellAndHeaderHeight.swift in Sources */ = {isa = PBXBuildFile; fileRef = 95D9B2CD1FA9390E00F2BDC6 /* CellAndHeaderHeight.swift */; };
		95D9B2D01FA93C4D00F2BDC6 /* ParallaxHeaderClass.swift in Sources */ = {isa = PBXBuildFile; fileRef = 95D9B2CF1FA93C4D00F2BDC6 /* ParallaxHeaderClass.swift */; };
		95D9B2D31FA93DA800F2BDC6 /* HCTableViewExt.swift in Sources */ = {isa = PBXBuildFile; fileRef = 95D9B2D21FA93DA800F2BDC6 /* HCTableViewExt.swift */; };
		95D9B2D61FA93EB500F2BDC6 /* ProductCell.swift in Sources */ = {isa = PBXBuildFile; fileRef = 95D9B2D41FA93EB500F2BDC6 /* ProductCell.swift */; };
		95D9B2D71FA93EB500F2BDC6 /* ProductCell.xib in Resources */ = {isa = PBXBuildFile; fileRef = 95D9B2D51FA93EB500F2BDC6 /* ProductCell.xib */; };
		95D9B2D91FA944B800F2BDC6 /* ProductPrice.swift in Sources */ = {isa = PBXBuildFile; fileRef = 95D9B2D81FA944B800F2BDC6 /* ProductPrice.swift */; };
		95D9B2E01FA9477E00F2BDC6 /* MuseoSans_100.otf in Resources */ = {isa = PBXBuildFile; fileRef = 95D9B2DC1FA946EC00F2BDC6 /* MuseoSans_100.otf */; };
		95D9B2E11FA9477E00F2BDC6 /* MuseoSans_300.otf in Resources */ = {isa = PBXBuildFile; fileRef = 95D9B2DE1FA946EE00F2BDC6 /* MuseoSans_300.otf */; };
		95D9B2E21FA9477E00F2BDC6 /* MuseoSans_500.otf in Resources */ = {isa = PBXBuildFile; fileRef = 95D9B2DD1FA946ED00F2BDC6 /* MuseoSans_500.otf */; };
		95D9B2E31FA9477E00F2BDC6 /* MuseoSans_700.otf in Resources */ = {isa = PBXBuildFile; fileRef = 95D9B2DF1FA946EF00F2BDC6 /* MuseoSans_700.otf */; };
		95D9B2E41FA9477E00F2BDC6 /* MuseoSans_900.otf in Resources */ = {isa = PBXBuildFile; fileRef = 95D9B2DB1FA946EC00F2BDC6 /* MuseoSans_900.otf */; };
		95D9B2EC1FA95FE200F2BDC6 /* ProductStructureClass.swift in Sources */ = {isa = PBXBuildFile; fileRef = 95D9B2EB1FA95FE200F2BDC6 /* ProductStructureClass.swift */; };
		95D9B2EF1FA967E400F2BDC6 /* MUCTableViewExt.swift in Sources */ = {isa = PBXBuildFile; fileRef = 95D9B2EE1FA967E400F2BDC6 /* MUCTableViewExt.swift */; };
		95D9B2F21FA9691300F2BDC6 /* NCTableViewExt.swift in Sources */ = {isa = PBXBuildFile; fileRef = 95D9B2F11FA9691300F2BDC6 /* NCTableViewExt.swift */; };
		95D9B2F51FA969ED00F2BDC6 /* BCTableViewExt.swift in Sources */ = {isa = PBXBuildFile; fileRef = 95D9B2F41FA969ED00F2BDC6 /* BCTableViewExt.swift */; };
		95D9B2F81FA96AC700F2BDC6 /* WCTableViewExt.swift in Sources */ = {isa = PBXBuildFile; fileRef = 95D9B2F71FA96AC700F2BDC6 /* WCTableViewExt.swift */; };
		95D9B2FB1FA9734500F2BDC6 /* ColorUtil.swift in Sources */ = {isa = PBXBuildFile; fileRef = 95D9B2FA1FA9734500F2BDC6 /* ColorUtil.swift */; };
/* End PBXBuildFile section */

/* Begin PBXFileReference section */
		220865191FA95B6B00F3539A /* CustomNavigationView.xib */ = {isa = PBXFileReference; fileEncoding = 4; lastKnownFileType = file.xib; path = CustomNavigationView.xib; sourceTree = "<group>"; };
		2208651B1FA9615E00F3539A /* ChangePassController.swift */ = {isa = PBXFileReference; fileEncoding = 4; lastKnownFileType = sourcecode.swift; path = ChangePassController.swift; sourceTree = "<group>"; };
		222B20D91FA27D9700C4ECEE /* Resten Glow.app */ = {isa = PBXFileReference; explicitFileType = wrapper.application; includeInIndex = 0; path = "Resten Glow.app"; sourceTree = BUILT_PRODUCTS_DIR; };
		222B20DC1FA27D9700C4ECEE /* AppDelegate.swift */ = {isa = PBXFileReference; lastKnownFileType = sourcecode.swift; path = AppDelegate.swift; sourceTree = "<group>"; };
		222B20DE1FA27D9700C4ECEE /* WelcomeController.swift */ = {isa = PBXFileReference; lastKnownFileType = sourcecode.swift; path = WelcomeController.swift; sourceTree = "<group>"; };
		222B20E11FA27D9700C4ECEE /* Base */ = {isa = PBXFileReference; lastKnownFileType = file.storyboard; name = Base; path = Base.lproj/Main.storyboard; sourceTree = "<group>"; };
		222B20E31FA27D9700C4ECEE /* Assets.xcassets */ = {isa = PBXFileReference; lastKnownFileType = folder.assetcatalog; path = Assets.xcassets; sourceTree = "<group>"; };
		222B20E61FA27D9700C4ECEE /* Base */ = {isa = PBXFileReference; lastKnownFileType = file.storyboard; name = Base; path = Base.lproj/LaunchScreen.storyboard; sourceTree = "<group>"; };
		222B20E81FA27D9700C4ECEE /* Info.plist */ = {isa = PBXFileReference; lastKnownFileType = text.plist.xml; path = Info.plist; sourceTree = "<group>"; };
		222B20F11FA2889A00C4ECEE /* PagerViewCell.xib */ = {isa = PBXFileReference; fileEncoding = 4; lastKnownFileType = file.xib; path = PagerViewCell.xib; sourceTree = "<group>"; };
		2291AF8B1FA68925009680DE /* RegisterController.swift */ = {isa = PBXFileReference; fileEncoding = 4; lastKnownFileType = sourcecode.swift; path = RegisterController.swift; sourceTree = "<group>"; };
		22E31DF81FA9546600784508 /* CustomNavigationView.swift */ = {isa = PBXFileReference; fileEncoding = 4; lastKnownFileType = sourcecode.swift; path = CustomNavigationView.swift; sourceTree = "<group>"; };
		22E326411FA2B0F300077FE7 /* CustomButton.swift */ = {isa = PBXFileReference; fileEncoding = 4; lastKnownFileType = sourcecode.swift; path = CustomButton.swift; sourceTree = "<group>"; };
		22E326431FA2B46500077FE7 /* PagerViewCell.swift */ = {isa = PBXFileReference; fileEncoding = 4; lastKnownFileType = sourcecode.swift; path = PagerViewCell.swift; sourceTree = "<group>"; };
		22E326461FA3961600077FE7 /* LoginController.swift */ = {isa = PBXFileReference; fileEncoding = 4; lastKnownFileType = sourcecode.swift; path = LoginController.swift; sourceTree = "<group>"; };
		22E326481FA39B2F00077FE7 /* CustomTextField.swift */ = {isa = PBXFileReference; fileEncoding = 4; lastKnownFileType = sourcecode.swift; path = CustomTextField.swift; sourceTree = "<group>"; };
		22E3264B1FA3C49400077FE7 /* RegexClass.swift */ = {isa = PBXFileReference; fileEncoding = 4; lastKnownFileType = sourcecode.swift; path = RegexClass.swift; sourceTree = "<group>"; };
		22E3264D1FA3C7C000077FE7 /* BaseController.swift */ = {isa = PBXFileReference; fileEncoding = 4; lastKnownFileType = sourcecode.swift; path = BaseController.swift; sourceTree = "<group>"; };
		22E3264F1FA3C9A100077FE7 /* ForgotPasswordController.swift */ = {isa = PBXFileReference; fileEncoding = 4; lastKnownFileType = sourcecode.swift; path = ForgotPasswordController.swift; sourceTree = "<group>"; };
		30946EB5F3D736C2F2A9F95B /* Pods-Resten Glow.release.xcconfig */ = {isa = PBXFileReference; includeInIndex = 1; lastKnownFileType = text.xcconfig; name = "Pods-Resten Glow.release.xcconfig"; path = "Pods/Target Support Files/Pods-Resten Glow/Pods-Resten Glow.release.xcconfig"; sourceTree = "<group>"; };
		8411918E6F6464F34C53A4C3 /* Pods_Resten_Glow.framework */ = {isa = PBXFileReference; explicitFileType = wrapper.framework; includeInIndex = 0; path = Pods_Resten_Glow.framework; sourceTree = BUILT_PRODUCTS_DIR; };
		95D9B2B41FA92B3F00F2BDC6 /* MainController.swift */ = {isa = PBXFileReference; lastKnownFileType = sourcecode.swift; path = MainController.swift; sourceTree = "<group>"; };
		95D9B2B71FA92B9000F2BDC6 /* TabbarClass.swift */ = {isa = PBXFileReference; lastKnownFileType = sourcecode.swift; path = TabbarClass.swift; sourceTree = "<group>"; };
		95D9B2BC1FA92DDA00F2BDC6 /* HairController.swift */ = {isa = PBXFileReference; lastKnownFileType = sourcecode.swift; path = HairController.swift; sourceTree = "<group>"; };
		95D9B2BE1FA92DF700F2BDC6 /* MakeupController.swift */ = {isa = PBXFileReference; lastKnownFileType = sourcecode.swift; path = MakeupController.swift; sourceTree = "<group>"; };
		95D9B2C01FA92FFD00F2BDC6 /* Extensions.swift */ = {isa = PBXFileReference; fileEncoding = 4; lastKnownFileType = sourcecode.swift; path = Extensions.swift; sourceTree = "<group>"; };
		95D9B2C21FA9314100F2BDC6 /* NailsController.swift */ = {isa = PBXFileReference; lastKnownFileType = sourcecode.swift; path = NailsController.swift; sourceTree = "<group>"; };
		95D9B2C41FA9337300F2BDC6 /* BrowController.swift */ = {isa = PBXFileReference; lastKnownFileType = sourcecode.swift; path = BrowController.swift; sourceTree = "<group>"; };
		95D9B2C61FA9338C00F2BDC6 /* WeddingController.swift */ = {isa = PBXFileReference; lastKnownFileType = sourcecode.swift; path = WeddingController.swift; sourceTree = "<group>"; };
		95D9B2CA1FA938A200F2BDC6 /* CalculateClass.swift */ = {isa = PBXFileReference; lastKnownFileType = sourcecode.swift; path = CalculateClass.swift; sourceTree = "<group>"; };
		95D9B2CD1FA9390E00F2BDC6 /* CellAndHeaderHeight.swift */ = {isa = PBXFileReference; lastKnownFileType = sourcecode.swift; path = CellAndHeaderHeight.swift; sourceTree = "<group>"; };
		95D9B2CF1FA93C4D00F2BDC6 /* ParallaxHeaderClass.swift */ = {isa = PBXFileReference; lastKnownFileType = sourcecode.swift; path = ParallaxHeaderClass.swift; sourceTree = "<group>"; };
		95D9B2D21FA93DA800F2BDC6 /* HCTableViewExt.swift */ = {isa = PBXFileReference; lastKnownFileType = sourcecode.swift; path = HCTableViewExt.swift; sourceTree = "<group>"; };
		95D9B2D41FA93EB500F2BDC6 /* ProductCell.swift */ = {isa = PBXFileReference; lastKnownFileType = sourcecode.swift; path = ProductCell.swift; sourceTree = "<group>"; };
		95D9B2D51FA93EB500F2BDC6 /* ProductCell.xib */ = {isa = PBXFileReference; lastKnownFileType = file.xib; path = ProductCell.xib; sourceTree = "<group>"; };
		95D9B2D81FA944B800F2BDC6 /* ProductPrice.swift */ = {isa = PBXFileReference; lastKnownFileType = sourcecode.swift; path = ProductPrice.swift; sourceTree = "<group>"; };
		95D9B2DB1FA946EC00F2BDC6 /* MuseoSans_900.otf */ = {isa = PBXFileReference; lastKnownFileType = file; path = MuseoSans_900.otf; sourceTree = "<group>"; };
		95D9B2DC1FA946EC00F2BDC6 /* MuseoSans_100.otf */ = {isa = PBXFileReference; lastKnownFileType = file; path = MuseoSans_100.otf; sourceTree = "<group>"; };
		95D9B2DD1FA946ED00F2BDC6 /* MuseoSans_500.otf */ = {isa = PBXFileReference; lastKnownFileType = file; path = MuseoSans_500.otf; sourceTree = "<group>"; };
		95D9B2DE1FA946EE00F2BDC6 /* MuseoSans_300.otf */ = {isa = PBXFileReference; lastKnownFileType = file; path = MuseoSans_300.otf; sourceTree = "<group>"; };
		95D9B2DF1FA946EF00F2BDC6 /* MuseoSans_700.otf */ = {isa = PBXFileReference; lastKnownFileType = file; path = MuseoSans_700.otf; sourceTree = "<group>"; };
		95D9B2EB1FA95FE200F2BDC6 /* ProductStructureClass.swift */ = {isa = PBXFileReference; lastKnownFileType = sourcecode.swift; path = ProductStructureClass.swift; sourceTree = "<group>"; };
		95D9B2EE1FA967E400F2BDC6 /* MUCTableViewExt.swift */ = {isa = PBXFileReference; lastKnownFileType = sourcecode.swift; path = MUCTableViewExt.swift; sourceTree = "<group>"; };
		95D9B2F11FA9691300F2BDC6 /* NCTableViewExt.swift */ = {isa = PBXFileReference; lastKnownFileType = sourcecode.swift; path = NCTableViewExt.swift; sourceTree = "<group>"; };
		95D9B2F41FA969ED00F2BDC6 /* BCTableViewExt.swift */ = {isa = PBXFileReference; lastKnownFileType = sourcecode.swift; path = BCTableViewExt.swift; sourceTree = "<group>"; };
		95D9B2F71FA96AC700F2BDC6 /* WCTableViewExt.swift */ = {isa = PBXFileReference; lastKnownFileType = sourcecode.swift; path = WCTableViewExt.swift; sourceTree = "<group>"; };
		95D9B2FA1FA9734500F2BDC6 /* ColorUtil.swift */ = {isa = PBXFileReference; lastKnownFileType = sourcecode.swift; path = ColorUtil.swift; sourceTree = "<group>"; };
		D8E8F15D3F720266FC22C132 /* Pods-Resten Glow.debug.xcconfig */ = {isa = PBXFileReference; includeInIndex = 1; lastKnownFileType = text.xcconfig; name = "Pods-Resten Glow.debug.xcconfig"; path = "Pods/Target Support Files/Pods-Resten Glow/Pods-Resten Glow.debug.xcconfig"; sourceTree = "<group>"; };
/* End PBXFileReference section */

/* Begin PBXFrameworksBuildPhase section */
		222B20D61FA27D9600C4ECEE /* Frameworks */ = {
			isa = PBXFrameworksBuildPhase;
			buildActionMask = 2147483647;
			files = (
				315ED92E4F1116F649D5D058 /* Pods_Resten_Glow.framework in Frameworks */,
			);
			runOnlyForDeploymentPostprocessing = 0;
		};
/* End PBXFrameworksBuildPhase section */

/* Begin PBXGroup section */
		222B20D01FA27D9600C4ECEE = {
			isa = PBXGroup;
			children = (
				222B20DB1FA27D9700C4ECEE /* Resten Glow */,
				222B20DA1FA27D9700C4ECEE /* Products */,
				F627086D54E0C77B8FD3711A /* Pods */,
				FCBE4B651F878FC1750EA8D0 /* Frameworks */,
			);
			sourceTree = "<group>";
		};
		222B20DA1FA27D9700C4ECEE /* Products */ = {
			isa = PBXGroup;
			children = (
				222B20D91FA27D9700C4ECEE /* Resten Glow.app */,
			);
			name = Products;
			sourceTree = "<group>";
		};
		222B20DB1FA27D9700C4ECEE /* Resten Glow */ = {
			isa = PBXGroup;
			children = (
				95D9B2F91FA9733700F2BDC6 /* Util */,
				95D9B2DA1FA946E100F2BDC6 /* Fonts */,
				95D9B2CC1FA938C600F2BDC6 /* Enum */,
				95D9B2B61FA92B8200F2BDC6 /* Support Class */,
				95D9B2B21FA926A700F2BDC6 /* Custom Cell */,
				22E326401FA2B0D200077FE7 /* View */,
				22E326451FA3935000077FE7 /* Controller */,
				22E3264A1FA3C48400077FE7 /* Extension */,
				222B20DC1FA27D9700C4ECEE /* AppDelegate.swift */,
				222B20E01FA27D9700C4ECEE /* Main.storyboard */,
				222B20E51FA27D9700C4ECEE /* LaunchScreen.storyboard */,
				222B20E31FA27D9700C4ECEE /* Assets.xcassets */,
				222B20E81FA27D9700C4ECEE /* Info.plist */,
			);
			path = "Resten Glow";
			sourceTree = "<group>";
		};
		22E326401FA2B0D200077FE7 /* View */ = {
			isa = PBXGroup;
			children = (
				22E326481FA39B2F00077FE7 /* CustomTextField.swift */,
				22E326411FA2B0F300077FE7 /* CustomButton.swift */,
				220865191FA95B6B00F3539A /* CustomNavigationView.xib */,
				22E31DF81FA9546600784508 /* CustomNavigationView.swift */,
			);
			name = View;
			sourceTree = "<group>";
		};
		22E326451FA3935000077FE7 /* Controller */ = {
			isa = PBXGroup;
			children = (
				95D9B2B31FA92B2500F2BDC6 /* Main Controller */,
				22E3264D1FA3C7C000077FE7 /* BaseController.swift */,
				22E3264F1FA3C9A100077FE7 /* ForgotPasswordController.swift */,
				2208651B1FA9615E00F3539A /* ChangePassController.swift */,
				222B20DE1FA27D9700C4ECEE /* WelcomeController.swift */,
				2291AF8B1FA68925009680DE /* RegisterController.swift */,
				22E326461FA3961600077FE7 /* LoginController.swift */,
			);
			name = "\U0010Controller";
			sourceTree = "<group>";
		};
		22E3264A1FA3C48400077FE7 /* Extension */ = {
			isa = PBXGroup;
			children = (
				22E3264B1FA3C49400077FE7 /* RegexClass.swift */,
				95D9B2C01FA92FFD00F2BDC6 /* Extensions.swift */,
			);
			name = Extension;
			sourceTree = "<group>";
		};
		95D9B2B21FA926A700F2BDC6 /* Custom Cell */ = {
			isa = PBXGroup;
			children = (
				95D9B2C91FA9357100F2BDC6 /* Main Controller Cell */,
				95D9B2C81FA9355E00F2BDC6 /* Onboarding Cell */,
			);
			name = "Custom Cell";
			sourceTree = "<group>";
		};
		95D9B2B31FA92B2500F2BDC6 /* Main Controller */ = {
			isa = PBXGroup;
			children = (
				95D9B2B41FA92B3F00F2BDC6 /* MainController.swift */,
				95D9B2B91FA92DA900F2BDC6 /* Main Controller Childs */,
			);
			name = "Main Controller";
			sourceTree = "<group>";
		};
		95D9B2B61FA92B8200F2BDC6 /* Support Class */ = {
			isa = PBXGroup;
			children = (
				95D9B2B71FA92B9000F2BDC6 /* TabbarClass.swift */,
				95D9B2CA1FA938A200F2BDC6 /* CalculateClass.swift */,
				95D9B2CF1FA93C4D00F2BDC6 /* ParallaxHeaderClass.swift */,
				95D9B2EB1FA95FE200F2BDC6 /* ProductStructureClass.swift */,
			);
			name = "Support Class";
			sourceTree = "<group>";
		};
		95D9B2B91FA92DA900F2BDC6 /* Main Controller Childs */ = {
			isa = PBXGroup;
			children = (
				95D9B2F61FA96A4E00F2BDC6 /* Wedding Controller */,
				95D9B2F31FA969B100F2BDC6 /* Brow Controller */,
				95D9B2F01FA968D900F2BDC6 /* Nails Controller */,
				95D9B2ED1FA9679A00F2BDC6 /* Makeup Controller */,
				95D9B2D11FA93D9300F2BDC6 /* Hair Controller */,
			);
			name = "Main Controller Childs";
			sourceTree = "<group>";
		};
		95D9B2C81FA9355E00F2BDC6 /* Onboarding Cell */ = {
			isa = PBXGroup;
			children = (
				222B20F11FA2889A00C4ECEE /* PagerViewCell.xib */,
				22E326431FA2B46500077FE7 /* PagerViewCell.swift */,
			);
			name = "Onboarding Cell";
			sourceTree = "<group>";
		};
		95D9B2C91FA9357100F2BDC6 /* Main Controller Cell */ = {
			isa = PBXGroup;
			children = (
				95D9B2D41FA93EB500F2BDC6 /* ProductCell.swift */,
				95D9B2D51FA93EB500F2BDC6 /* ProductCell.xib */,
			);
			name = "Main Controller Cell";
			sourceTree = "<group>";
		};
		95D9B2CC1FA938C600F2BDC6 /* Enum */ = {
			isa = PBXGroup;
			children = (
				95D9B2CD1FA9390E00F2BDC6 /* CellAndHeaderHeight.swift */,
				95D9B2D81FA944B800F2BDC6 /* ProductPrice.swift */,
			);
			name = Enum;
			sourceTree = "<group>";
		};
		95D9B2D11FA93D9300F2BDC6 /* Hair Controller */ = {
			isa = PBXGroup;
			children = (
				95D9B2BC1FA92DDA00F2BDC6 /* HairController.swift */,
				95D9B2D21FA93DA800F2BDC6 /* HCTableViewExt.swift */,
			);
			name = "Hair Controller";
			sourceTree = "<group>";
		};
		95D9B2DA1FA946E100F2BDC6 /* Fonts */ = {
			isa = PBXGroup;
			children = (
				95D9B2DC1FA946EC00F2BDC6 /* MuseoSans_100.otf */,
				95D9B2DE1FA946EE00F2BDC6 /* MuseoSans_300.otf */,
				95D9B2DD1FA946ED00F2BDC6 /* MuseoSans_500.otf */,
				95D9B2DF1FA946EF00F2BDC6 /* MuseoSans_700.otf */,
				95D9B2DB1FA946EC00F2BDC6 /* MuseoSans_900.otf */,
			);
			name = Fonts;
			sourceTree = "<group>";
		};
		95D9B2ED1FA9679A00F2BDC6 /* Makeup Controller */ = {
			isa = PBXGroup;
			children = (
				95D9B2BE1FA92DF700F2BDC6 /* MakeupController.swift */,
				95D9B2EE1FA967E400F2BDC6 /* MUCTableViewExt.swift */,
			);
			name = "Makeup Controller";
			sourceTree = "<group>";
		};
		95D9B2F01FA968D900F2BDC6 /* Nails Controller */ = {
			isa = PBXGroup;
			children = (
				95D9B2C21FA9314100F2BDC6 /* NailsController.swift */,
				95D9B2F11FA9691300F2BDC6 /* NCTableViewExt.swift */,
			);
			name = "Nails Controller";
			sourceTree = "<group>";
		};
		95D9B2F31FA969B100F2BDC6 /* Brow Controller */ = {
			isa = PBXGroup;
			children = (
				95D9B2C41FA9337300F2BDC6 /* BrowController.swift */,
				95D9B2F41FA969ED00F2BDC6 /* BCTableViewExt.swift */,
			);
			name = "Brow Controller";
			sourceTree = "<group>";
		};
		95D9B2F61FA96A4E00F2BDC6 /* Wedding Controller */ = {
			isa = PBXGroup;
			children = (
				95D9B2C61FA9338C00F2BDC6 /* WeddingController.swift */,
				95D9B2F71FA96AC700F2BDC6 /* WCTableViewExt.swift */,
			);
			name = "Wedding Controller";
			sourceTree = "<group>";
		};
		95D9B2F91FA9733700F2BDC6 /* Util */ = {
			isa = PBXGroup;
			children = (
				95D9B2FA1FA9734500F2BDC6 /* ColorUtil.swift */,
			);
			name = Util;
			sourceTree = "<group>";
		};
		F627086D54E0C77B8FD3711A /* Pods */ = {
			isa = PBXGroup;
			children = (
				D8E8F15D3F720266FC22C132 /* Pods-Resten Glow.debug.xcconfig */,
				30946EB5F3D736C2F2A9F95B /* Pods-Resten Glow.release.xcconfig */,
			);
			name = Pods;
			sourceTree = "<group>";
		};
		FCBE4B651F878FC1750EA8D0 /* Frameworks */ = {
			isa = PBXGroup;
			children = (
				8411918E6F6464F34C53A4C3 /* Pods_Resten_Glow.framework */,
			);
			name = Frameworks;
			sourceTree = "<group>";
		};
/* End PBXGroup section */

/* Begin PBXNativeTarget section */
		222B20D81FA27D9600C4ECEE /* Resten Glow */ = {
			isa = PBXNativeTarget;
			buildConfigurationList = 222B20EB1FA27D9700C4ECEE /* Build configuration list for PBXNativeTarget "Resten Glow" */;
			buildPhases = (
				31BFB23A6364A8E5A6D6099C /* [CP] Check Pods Manifest.lock */,
				222B20D51FA27D9600C4ECEE /* Sources */,
				222B20D61FA27D9600C4ECEE /* Frameworks */,
				222B20D71FA27D9600C4ECEE /* Resources */,
				5385E94A7ED723BA4D543EAE /* [CP] Embed Pods Frameworks */,
				5703A1E10664F1C1BEACBDFF /* [CP] Copy Pods Resources */,
			);
			buildRules = (
			);
			dependencies = (
			);
			name = "Resten Glow";
			productName = "Resten Glow";
			productReference = 222B20D91FA27D9700C4ECEE /* Resten Glow.app */;
			productType = "com.apple.product-type.application";
		};
/* End PBXNativeTarget section */

/* Begin PBXProject section */
		222B20D11FA27D9600C4ECEE /* Project object */ = {
			isa = PBXProject;
			attributes = {
				LastSwiftUpdateCheck = 0820;
				LastUpgradeCheck = 0820;
				ORGANIZATIONNAME = bilal;
				TargetAttributes = {
					222B20D81FA27D9600C4ECEE = {
						CreatedOnToolsVersion = 8.2.1;
						ProvisioningStyle = Automatic;
					};
				};
			};
			buildConfigurationList = 222B20D41FA27D9600C4ECEE /* Build configuration list for PBXProject "Resten Glow" */;
			compatibilityVersion = "Xcode 3.2";
			developmentRegion = English;
			hasScannedForEncodings = 0;
			knownRegions = (
				en,
				Base,
			);
			mainGroup = 222B20D01FA27D9600C4ECEE;
			productRefGroup = 222B20DA1FA27D9700C4ECEE /* Products */;
			projectDirPath = "";
			projectRoot = "";
			targets = (
				222B20D81FA27D9600C4ECEE /* Resten Glow */,
			);
		};
/* End PBXProject section */

/* Begin PBXResourcesBuildPhase section */
		222B20D71FA27D9600C4ECEE /* Resources */ = {
			isa = PBXResourcesBuildPhase;
			buildActionMask = 2147483647;
			files = (
				95D9B2E01FA9477E00F2BDC6 /* MuseoSans_100.otf in Resources */,
				95D9B2E11FA9477E00F2BDC6 /* MuseoSans_300.otf in Resources */,
				95D9B2E21FA9477E00F2BDC6 /* MuseoSans_500.otf in Resources */,
				95D9B2E31FA9477E00F2BDC6 /* MuseoSans_700.otf in Resources */,
				95D9B2E41FA9477E00F2BDC6 /* MuseoSans_900.otf in Resources */,
				2208651A1FA95B6B00F3539A /* CustomNavigationView.xib in Resources */,
				222B20F31FA2889A00C4ECEE /* PagerViewCell.xib in Resources */,
				222B20E71FA27D9700C4ECEE /* LaunchScreen.storyboard in Resources */,
				95D9B2D71FA93EB500F2BDC6 /* ProductCell.xib in Resources */,
				222B20E41FA27D9700C4ECEE /* Assets.xcassets in Resources */,
				222B20E21FA27D9700C4ECEE /* Main.storyboard in Resources */,
			);
			runOnlyForDeploymentPostprocessing = 0;
		};
/* End PBXResourcesBuildPhase section */

/* Begin PBXShellScriptBuildPhase section */
		31BFB23A6364A8E5A6D6099C /* [CP] Check Pods Manifest.lock */ = {
			isa = PBXShellScriptBuildPhase;
			buildActionMask = 2147483647;
			files = (
			);
			inputPaths = (
			);
			name = "[CP] Check Pods Manifest.lock";
			outputPaths = (
			);
			runOnlyForDeploymentPostprocessing = 0;
			shellPath = /bin/sh;
			shellScript = "diff \"${PODS_PODFILE_DIR_PATH}/Podfile.lock\" \"${PODS_ROOT}/Manifest.lock\" > /dev/null\nif [ $? != 0 ] ; then\n    # print error to STDERR\n    echo \"error: The sandbox is not in sync with the Podfile.lock. Run 'pod install' or update your CocoaPods installation.\" >&2\n    exit 1\nfi\n";
			showEnvVarsInLog = 0;
		};
		5385E94A7ED723BA4D543EAE /* [CP] Embed Pods Frameworks */ = {
			isa = PBXShellScriptBuildPhase;
			buildActionMask = 2147483647;
			files = (
			);
			inputPaths = (
			);
			name = "[CP] Embed Pods Frameworks";
			outputPaths = (
			);
			runOnlyForDeploymentPostprocessing = 0;
			shellPath = /bin/sh;
			shellScript = "\"${SRCROOT}/Pods/Target Support Files/Pods-Resten Glow/Pods-Resten Glow-frameworks.sh\"\n";
			showEnvVarsInLog = 0;
		};
		5703A1E10664F1C1BEACBDFF /* [CP] Copy Pods Resources */ = {
			isa = PBXShellScriptBuildPhase;
			buildActionMask = 2147483647;
			files = (
			);
			inputPaths = (
			);
			name = "[CP] Copy Pods Resources";
			outputPaths = (
			);
			runOnlyForDeploymentPostprocessing = 0;
			shellPath = /bin/sh;
			shellScript = "\"${SRCROOT}/Pods/Target Support Files/Pods-Resten Glow/Pods-Resten Glow-resources.sh\"\n";
			showEnvVarsInLog = 0;
		};
/* End PBXShellScriptBuildPhase section */

/* Begin PBXSourcesBuildPhase section */
		222B20D51FA27D9600C4ECEE /* Sources */ = {
			isa = PBXSourcesBuildPhase;
			buildActionMask = 2147483647;
			files = (
				95D9B2F51FA969ED00F2BDC6 /* BCTableViewExt.swift in Sources */,
				95D9B2BF1FA92DF700F2BDC6 /* MakeupController.swift in Sources */,
				95D9B2CE1FA9390E00F2BDC6 /* CellAndHeaderHeight.swift in Sources */,
				95D9B2FB1FA9734500F2BDC6 /* ColorUtil.swift in Sources */,
				2291AF8C1FA68925009680DE /* RegisterController.swift in Sources */,
				95D9B2C51FA9337300F2BDC6 /* BrowController.swift in Sources */,
				22E326441FA2B46500077FE7 /* PagerViewCell.swift in Sources */,
				222B20DF1FA27D9700C4ECEE /* WelcomeController.swift in Sources */,
				22E326491FA39B2F00077FE7 /* CustomTextField.swift in Sources */,
				222B20DD1FA27D9700C4ECEE /* AppDelegate.swift in Sources */,
				2208651C1FA9615E00F3539A /* ChangePassController.swift in Sources */,
				22E326501FA3C9A100077FE7 /* ForgotPasswordController.swift in Sources */,
				95D9B2EF1FA967E400F2BDC6 /* MUCTableViewExt.swift in Sources */,
				22E3264C1FA3C49400077FE7 /* RegexClass.swift in Sources */,
				95D9B2BD1FA92DDA00F2BDC6 /* HairController.swift in Sources */,
				95D9B2B51FA92B3F00F2BDC6 /* MainController.swift in Sources */,
				95D9B2EC1FA95FE200F2BDC6 /* ProductStructureClass.swift in Sources */,
				95D9B2C11FA92FFD00F2BDC6 /* Extensions.swift in Sources */,
				95D9B2C31FA9314100F2BDC6 /* NailsController.swift in Sources */,
				22E326421FA2B0F300077FE7 /* CustomButton.swift in Sources */,
				22E3264E1FA3C7C000077FE7 /* BaseController.swift in Sources */,
				95D9B2B81FA92B9000F2BDC6 /* TabbarClass.swift in Sources */,
				22E31DF91FA9546600784508 /* CustomNavigationView.swift in Sources */,
				95D9B2D91FA944B800F2BDC6 /* ProductPrice.swift in Sources */,
				95D9B2C71FA9338C00F2BDC6 /* WeddingController.swift in Sources */,
				95D9B2D31FA93DA800F2BDC6 /* HCTableViewExt.swift in Sources */,
				95D9B2CB1FA938A200F2BDC6 /* CalculateClass.swift in Sources */,
				95D9B2D61FA93EB500F2BDC6 /* ProductCell.swift in Sources */,
				95D9B2D01FA93C4D00F2BDC6 /* ParallaxHeaderClass.swift in Sources */,
				95D9B2F21FA9691300F2BDC6 /* NCTableViewExt.swift in Sources */,
				95D9B2F81FA96AC700F2BDC6 /* WCTableViewExt.swift in Sources */,
				22E326471FA3961600077FE7 /* LoginController.swift in Sources */,
			);
			runOnlyForDeploymentPostprocessing = 0;
		};
/* End PBXSourcesBuildPhase section */

/* Begin PBXVariantGroup section */
		222B20E01FA27D9700C4ECEE /* Main.storyboard */ = {
			isa = PBXVariantGroup;
			children = (
				222B20E11FA27D9700C4ECEE /* Base */,
			);
			name = Main.storyboard;
			sourceTree = "<group>";
		};
		222B20E51FA27D9700C4ECEE /* LaunchScreen.storyboard */ = {
			isa = PBXVariantGroup;
			children = (
				222B20E61FA27D9700C4ECEE /* Base */,
			);
			name = LaunchScreen.storyboard;
			sourceTree = "<group>";
		};
/* End PBXVariantGroup section */

/* Begin XCBuildConfiguration section */
		222B20E91FA27D9700C4ECEE /* Debug */ = {
			isa = XCBuildConfiguration;
			buildSettings = {
				ALWAYS_SEARCH_USER_PATHS = NO;
				CLANG_ANALYZER_NONNULL = YES;
				CLANG_CXX_LANGUAGE_STANDARD = "gnu++0x";
				CLANG_CXX_LIBRARY = "libc++";
				CLANG_ENABLE_MODULES = YES;
				CLANG_ENABLE_OBJC_ARC = YES;
				CLANG_WARN_BOOL_CONVERSION = YES;
				CLANG_WARN_CONSTANT_CONVERSION = YES;
				CLANG_WARN_DIRECT_OBJC_ISA_USAGE = YES_ERROR;
				CLANG_WARN_DOCUMENTATION_COMMENTS = YES;
				CLANG_WARN_EMPTY_BODY = YES;
				CLANG_WARN_ENUM_CONVERSION = YES;
				CLANG_WARN_INFINITE_RECURSION = YES;
				CLANG_WARN_INT_CONVERSION = YES;
				CLANG_WARN_OBJC_ROOT_CLASS = YES_ERROR;
				CLANG_WARN_SUSPICIOUS_MOVE = YES;
				CLANG_WARN_UNREACHABLE_CODE = YES;
				CLANG_WARN__DUPLICATE_METHOD_MATCH = YES;
				"CODE_SIGN_IDENTITY[sdk=iphoneos*]" = "iPhone Developer";
				COPY_PHASE_STRIP = NO;
				DEBUG_INFORMATION_FORMAT = dwarf;
				ENABLE_STRICT_OBJC_MSGSEND = YES;
				ENABLE_TESTABILITY = YES;
				GCC_C_LANGUAGE_STANDARD = gnu99;
				GCC_DYNAMIC_NO_PIC = NO;
				GCC_NO_COMMON_BLOCKS = YES;
				GCC_OPTIMIZATION_LEVEL = 0;
				GCC_PREPROCESSOR_DEFINITIONS = (
					"DEBUG=1",
					"$(inherited)",
				);
				GCC_WARN_64_TO_32_BIT_CONVERSION = YES;
				GCC_WARN_ABOUT_RETURN_TYPE = YES_ERROR;
				GCC_WARN_UNDECLARED_SELECTOR = YES;
				GCC_WARN_UNINITIALIZED_AUTOS = YES_AGGRESSIVE;
				GCC_WARN_UNUSED_FUNCTION = YES;
				GCC_WARN_UNUSED_VARIABLE = YES;
				IPHONEOS_DEPLOYMENT_TARGET = 10.2;
				MTL_ENABLE_DEBUG_INFO = YES;
				ONLY_ACTIVE_ARCH = YES;
				SDKROOT = iphoneos;
				SWIFT_ACTIVE_COMPILATION_CONDITIONS = DEBUG;
				SWIFT_OPTIMIZATION_LEVEL = "-Onone";
				TARGETED_DEVICE_FAMILY = "1,2";
			};
			name = Debug;
		};
		222B20EA1FA27D9700C4ECEE /* Release */ = {
			isa = XCBuildConfiguration;
			buildSettings = {
				ALWAYS_SEARCH_USER_PATHS = NO;
				CLANG_ANALYZER_NONNULL = YES;
				CLANG_CXX_LANGUAGE_STANDARD = "gnu++0x";
				CLANG_CXX_LIBRARY = "libc++";
				CLANG_ENABLE_MODULES = YES;
				CLANG_ENABLE_OBJC_ARC = YES;
				CLANG_WARN_BOOL_CONVERSION = YES;
				CLANG_WARN_CONSTANT_CONVERSION = YES;
				CLANG_WARN_DIRECT_OBJC_ISA_USAGE = YES_ERROR;
				CLANG_WARN_DOCUMENTATION_COMMENTS = YES;
				CLANG_WARN_EMPTY_BODY = YES;
				CLANG_WARN_ENUM_CONVERSION = YES;
				CLANG_WARN_INFINITE_RECURSION = YES;
				CLANG_WARN_INT_CONVERSION = YES;
				CLANG_WARN_OBJC_ROOT_CLASS = YES_ERROR;
				CLANG_WARN_SUSPICIOUS_MOVE = YES;
				CLANG_WARN_UNREACHABLE_CODE = YES;
				CLANG_WARN__DUPLICATE_METHOD_MATCH = YES;
				"CODE_SIGN_IDENTITY[sdk=iphoneos*]" = "iPhone Developer";
				COPY_PHASE_STRIP = NO;
				DEBUG_INFORMATION_FORMAT = "dwarf-with-dsym";
				ENABLE_NS_ASSERTIONS = NO;
				ENABLE_STRICT_OBJC_MSGSEND = YES;
				GCC_C_LANGUAGE_STANDARD = gnu99;
				GCC_NO_COMMON_BLOCKS = YES;
				GCC_WARN_64_TO_32_BIT_CONVERSION = YES;
				GCC_WARN_ABOUT_RETURN_TYPE = YES_ERROR;
				GCC_WARN_UNDECLARED_SELECTOR = YES;
				GCC_WARN_UNINITIALIZED_AUTOS = YES_AGGRESSIVE;
				GCC_WARN_UNUSED_FUNCTION = YES;
				GCC_WARN_UNUSED_VARIABLE = YES;
				IPHONEOS_DEPLOYMENT_TARGET = 10.2;
				MTL_ENABLE_DEBUG_INFO = NO;
				SDKROOT = iphoneos;
				SWIFT_OPTIMIZATION_LEVEL = "-Owholemodule";
				TARGETED_DEVICE_FAMILY = "1,2";
				VALIDATE_PRODUCT = YES;
			};
			name = Release;
		};
		222B20EC1FA27D9700C4ECEE /* Debug */ = {
			isa = XCBuildConfiguration;
			baseConfigurationReference = D8E8F15D3F720266FC22C132 /* Pods-Resten Glow.debug.xcconfig */;
			buildSettings = {
				ASSETCATALOG_COMPILER_APPICON_NAME = AppIcon;
				INFOPLIST_FILE = "Resten Glow/Info.plist";
				LD_RUNPATH_SEARCH_PATHS = "$(inherited) @executable_path/Frameworks";
				PRODUCT_BUNDLE_IDENTIFIER = "com.CodingMind.Resten-Glow";
				PRODUCT_NAME = "$(TARGET_NAME)";
				SWIFT_VERSION = 3.0;
			};
			name = Debug;
		};
		222B20ED1FA27D9700C4ECEE /* Release */ = {
			isa = XCBuildConfiguration;
			baseConfigurationReference = 30946EB5F3D736C2F2A9F95B /* Pods-Resten Glow.release.xcconfig */;
			buildSettings = {
				ASSETCATALOG_COMPILER_APPICON_NAME = AppIcon;
				INFOPLIST_FILE = "Resten Glow/Info.plist";
				LD_RUNPATH_SEARCH_PATHS = "$(inherited) @executable_path/Frameworks";
				PRODUCT_BUNDLE_IDENTIFIER = "com.CodingMind.Resten-Glow";
				PRODUCT_NAME = "$(TARGET_NAME)";
				SWIFT_VERSION = 3.0;
			};
			name = Release;
		};
/* End XCBuildConfiguration section */

/* Begin XCConfigurationList section */
		222B20D41FA27D9600C4ECEE /* Build configuration list for PBXProject "Resten Glow" */ = {
			isa = XCConfigurationList;
			buildConfigurations = (
				222B20E91FA27D9700C4ECEE /* Debug */,
				222B20EA1FA27D9700C4ECEE /* Release */,
			);
			defaultConfigurationIsVisible = 0;
			defaultConfigurationName = Release;
		};
		222B20EB1FA27D9700C4ECEE /* Build configuration list for PBXNativeTarget "Resten Glow" */ = {
			isa = XCConfigurationList;
			buildConfigurations = (
				222B20EC1FA27D9700C4ECEE /* Debug */,
				222B20ED1FA27D9700C4ECEE /* Release */,
			);
			defaultConfigurationIsVisible = 0;
			defaultConfigurationName = Release;
		};
/* End XCConfigurationList section */
	};
	rootObject = 222B20D11FA27D9600C4ECEE /* Project object */;
}
